
Microsoft Visual Studio Solution File, Format Version 12.00
# Visual Studio Version 17
VisualStudioVersion = 17.4.33205.214
MinimumVisualStudioVersion = 10.0.40219.1
Project("{FAE04EC0-301F-11D3-BF4B-00C04F79EFBC}") = "EmployeeDash", "EmployeeDash\EmployeeDash.csproj", "{500E6A3C-9CB4-492D-84F2-5AF1B112B3A7}"
EndProject
Global
	GlobalSection(SolutionConfigurationPlatforms) = preSolution
		Debug|Any CPU = Debug|Any CPU
		Release|Any CPU = Release|Any CPU
	EndGlobalSection
	GlobalSection(ProjectConfigurationPlatforms) = postSolution
		{500E6A3C-9CB4-492D-84F2-5AF1B112B3A7}.Debug|Any CPU.ActiveCfg = Debug|Any CPU
		{500E6A3C-9CB4-492D-84F2-5AF1B112B3A7}.Debug|Any CPU.Build.0 = Debug|Any CPU
		{500E6A3C-9CB4-492D-84F2-5AF1B112B3A7}.Release|Any CPU.ActiveCfg = Release|Any CPU
		{500E6A3C-9CB4-492D-84F2-5AF1B112B3A7}.Release|Any CPU.Build.0 = Release|Any CPU
	EndGlobalSection
	GlobalSection(SolutionProperties) = preSolution
		HideSolutionNode = FALSE
	EndGlobalSection
	GlobalSection(ExtensibilityGlobals) = postSolution
		SolutionGuid = {36A1B41A-B6B1-401E-81E2-90F30684850E}
	EndGlobalSection
EndGlobal
